Microsoft Visual Studio Solution File, Format Version 12.00
# Visual Studio 14
VisualStudioVersion = 14.0.25420.1
MinimumVisualStudioVersion = 10.0.40219.1
Project("{8BC9CEB8-8B4A-11D0-8D11-00A0C91BC942}") = "OsgExtern", "OsgExtern\OsgExtern.vcxproj", "{8AB953C1-99D3-3CE7-82D0-CBBB9BF79272}"
EndProject
Project("{8BC9CEB8-8B4A-11D0-8D11-00A0C91BC942}") = "SceneCore", "SceneCore\SceneCore.vcxproj", "{B3DF0103-E2D3-382A-A3EE-89A26C51278A}"
	ProjectSection(ProjectDependencies) = postProject
		{8AB953C1-99D3-3CE7-82D0-CBBB9BF79272} = {8AB953C1-99D3-3CE7-82D0-CBBB9BF79272}
	EndProjectSection
EndProject
Project("{8BC9CEB8-8B4A-11D0-8D11-00A0C91BC942}") = "Map", "Map\Map.vcxproj", "{44683CDE-483D-3C15-98E4-471244972CD9}"
	ProjectSection(ProjectDependencies) = postProject
		{8AB953C1-99D3-3CE7-82D0-CBBB9BF79272} = {8AB953C1-99D3-3CE7-82D0-CBBB9BF79272}
		{B3DF0103-E2D3-382A-A3EE-89A26C51278A} = {B3DF0103-E2D3-382A-A3EE-89A26C51278A}
	EndProjectSection
EndProject
Project("{8BC9CEB8-8B4A-11D0-8D11-00A0C91BC942}") = "SpaceEnv", "SpaceEnv\SpaceEnv.vcxproj", "{07584D28-B4D6-34B5-8C85-26D8AB0106EF}"
	ProjectSection(ProjectDependencies) = postProject
		{8AB953C1-99D3-3CE7-82D0-CBBB9BF79272} = {8AB953C1-99D3-3CE7-82D0-CBBB9BF79272}
		{B3DF0103-E2D3-382A-A3EE-89A26C51278A} = {B3DF0103-E2D3-382A-A3EE-89A26C51278A}
	EndProjectSection
EndProject
Project("{8BC9CEB8-8B4A-11D0-8D11-00A0C91BC942}") = "PersonInfo", "PlotManager\PersonInfo\PersonInfo.vcxproj", "{1896CD4C-22B1-3DD1-AEC9-4AF38E61B78B}"
	ProjectSection(ProjectDependencies) = postProject
		{8AB953C1-99D3-3CE7-82D0-CBBB9BF79272} = {8AB953C1-99D3-3CE7-82D0-CBBB9BF79272}
		{B3DF0103-E2D3-382A-A3EE-89A26C51278A} = {B3DF0103-E2D3-382A-A3EE-89A26C51278A}
	EndProjectSection
EndProject
Project("{8BC9CEB8-8B4A-11D0-8D11-00A0C91BC942}") = "LoadMap", "LoadMap\LoadMap.vcxproj", "{E035D417-12CC-3563-B1D2-362B35919BE9}"
	ProjectSection(ProjectDependencies) = postProject
		{B3DF0103-E2D3-382A-A3EE-89A26C51278A} = {B3DF0103-E2D3-382A-A3EE-89A26C51278A}
	EndProjectSection
EndProject
Project("{8BC9CEB8-8B4A-11D0-8D11-00A0C91BC942}") = "LoadQmlMap", "LoadQmlMap\LoadQmlMap.vcxproj", "{8F5B7CBE-FD50-3D5B-8849-7D60326DA081}"
EndProject
Global
	GlobalSection(SolutionConfigurationPlatforms) = preSolution
		Debug|x64 = Debug|x64
		Release|x64 = Release|x64
	EndGlobalSection
	GlobalSection(ProjectConfigurationPlatforms) = postSolution
		{8AB953C1-99D3-3CE7-82D0-CBBB9BF79272}.Debug|x64.ActiveCfg = Debug|x64
		{8AB953C1-99D3-3CE7-82D0-CBBB9BF79272}.Debug|x64.Build.0 = Debug|x64
		{8AB953C1-99D3-3CE7-82D0-CBBB9BF79272}.Release|x64.ActiveCfg = Release|x64
		{8AB953C1-99D3-3CE7-82D0-CBBB9BF79272}.Release|x64.Build.0 = Release|x64
		{B3DF0103-E2D3-382A-A3EE-89A26C51278A}.Debug|x64.ActiveCfg = Debug|x64
		{B3DF0103-E2D3-382A-A3EE-89A26C51278A}.Debug|x64.Build.0 = Debug|x64
		{B3DF0103-E2D3-382A-A3EE-89A26C51278A}.Release|x64.ActiveCfg = Release|x64
		{B3DF0103-E2D3-382A-A3EE-89A26C51278A}.Release|x64.Build.0 = Release|x64
		{44683CDE-483D-3C15-98E4-471244972CD9}.Debug|x64.ActiveCfg = Debug|x64
		{44683CDE-483D-3C15-98E4-471244972CD9}.Debug|x64.Build.0 = Debug|x64
		{44683CDE-483D-3C15-98E4-471244972CD9}.Release|x64.ActiveCfg = Release|x64
		{44683CDE-483D-3C15-98E4-471244972CD9}.Release|x64.Build.0 = Release|x64
		{07584D28-B4D6-34B5-8C85-26D8AB0106EF}.Debug|x64.ActiveCfg = Debug|x64
		{07584D28-B4D6-34B5-8C85-26D8AB0106EF}.Debug|x64.Build.0 = Debug|x64
		{07584D28-B4D6-34B5-8C85-26D8AB0106EF}.Release|x64.ActiveCfg = Release|x64
		{07584D28-B4D6-34B5-8C85-26D8AB0106EF}.Release|x64.Build.0 = Release|x64
		{1896CD4C-22B1-3DD1-AEC9-4AF38E61B78B}.Debug|x64.ActiveCfg = Debug|x64
		{1896CD4C-22B1-3DD1-AEC9-4AF38E61B78B}.Debug|x64.Build.0 = Debug|x64
		{1896CD4C-22B1-3DD1-AEC9-4AF38E61B78B}.Release|x64.ActiveCfg = Release|x64
		{1896CD4C-22B1-3DD1-AEC9-4AF38E61B78B}.Release|x64.Build.0 = Release|x64
		{E035D417-12CC-3563-B1D2-362B35919BE9}.Debug|x64.ActiveCfg = Debug|x64
		{E035D417-12CC-3563-B1D2-362B35919BE9}.Debug|x64.Build.0 = Debug|x64
		{E035D417-12CC-3563-B1D2-362B35919BE9}.Release|x64.ActiveCfg = Release|x64
		{E035D417-12CC-3563-B1D2-362B35919BE9}.Release|x64.Build.0 = Release|x64
		{8F5B7CBE-FD50-3D5B-8849-7D60326DA081}.Debug|x64.ActiveCfg = Debug|x64
		{8F5B7CBE-FD50-3D5B-8849-7D60326DA081}.Debug|x64.Build.0 = Debug|x64
		{8F5B7CBE-FD50-3D5B-8849-7D60326DA081}.Release|x64.ActiveCfg = Release|x64
		{8F5B7CBE-FD50-3D5B-8849-7D60326DA081}.Release|x64.Build.0 = Release|x64
	EndGlobalSection
	GlobalSection(SolutionProperties) = preSolution
		HideSolutionNode = FALSE
	EndGlobalSection
	GlobalSection(ExtensibilityGlobals) = postSolution
		Qt5Version = Qt5.14.1
	EndGlobalSection
EndGlobal
