Microsoft Visual Studio Solution File, Format Version 12.00
# Visual Studio Version 16
VisualStudioVersion = 16.0.30128.74
MinimumVisualStudioVersion = 10.0.40219.1
Project("{8BC9CEB8-8B4A-11D0-8D11-00A0C91BC942}") = "OsgExtern", "OsgExtern\OsgExtern.vcxproj", "{D68CCE43-59BB-31F7-8329-2AE8ED5743AE}"
EndProject
Project("{8BC9CEB8-8B4A-11D0-8D11-00A0C91BC942}") = "SceneCore", "SceneCore\SceneCore.vcxproj", "{8AC20D34-B8B4-342A-BF4A-433CF43ACC5D}"
	ProjectSection(ProjectDependencies) = postProject
		{D68CCE43-59BB-31F7-8329-2AE8ED5743AE} = {D68CCE43-59BB-31F7-8329-2AE8ED5743AE}
	EndProjectSection
EndProject
Project("{8BC9CEB8-8B4A-11D0-8D11-00A0C91BC942}") = "Map", "Map\Map.vcxproj", "{CFBC5439-6B5B-3510-ABD5-7768BF61F9C4}"
	ProjectSection(ProjectDependencies) = postProject
		{D68CCE43-59BB-31F7-8329-2AE8ED5743AE} = {D68CCE43-59BB-31F7-8329-2AE8ED5743AE}
		{8AC20D34-B8B4-342A-BF4A-433CF43ACC5D} = {8AC20D34-B8B4-342A-BF4A-433CF43ACC5D}
	EndProjectSection
EndProject
Project("{8BC9CEB8-8B4A-11D0-8D11-00A0C91BC942}") = "SpaceEnv", "SpaceEnv\SpaceEnv.vcxproj", "{1CA3647C-ABE2-3BF5-A73C-A4A5A1D1291E}"
	ProjectSection(ProjectDependencies) = postProject
		{D68CCE43-59BB-31F7-8329-2AE8ED5743AE} = {D68CCE43-59BB-31F7-8329-2AE8ED5743AE}
		{8AC20D34-B8B4-342A-BF4A-433CF43ACC5D} = {8AC20D34-B8B4-342A-BF4A-433CF43ACC5D}
	EndProjectSection
EndProject
Project("{8BC9CEB8-8B4A-11D0-8D11-00A0C91BC942}") = "PersonInfo", "PlotManager\PersonInfo\PersonInfo.vcxproj", "{CF68ED16-08E8-3CFE-B8FB-69F637E18BEA}"
	ProjectSection(ProjectDependencies) = postProject
		{D68CCE43-59BB-31F7-8329-2AE8ED5743AE} = {D68CCE43-59BB-31F7-8329-2AE8ED5743AE}
		{8AC20D34-B8B4-342A-BF4A-433CF43ACC5D} = {8AC20D34-B8B4-342A-BF4A-433CF43ACC5D}
	EndProjectSection
EndProject
Project("{8BC9CEB8-8B4A-11D0-8D11-00A0C91BC942}") = "MapShape", "PlotManager\MapShape\MapShape.vcxproj", "{8C3804FB-0283-332B-BE48-137C94A05660}"
	ProjectSection(ProjectDependencies) = postProject
		{D68CCE43-59BB-31F7-8329-2AE8ED5743AE} = {D68CCE43-59BB-31F7-8329-2AE8ED5743AE}
		{8AC20D34-B8B4-342A-BF4A-433CF43ACC5D} = {8AC20D34-B8B4-342A-BF4A-433CF43ACC5D}
	EndProjectSection
EndProject
Project("{8BC9CEB8-8B4A-11D0-8D11-00A0C91BC942}") = "LoadMap", "LoadMap\LoadMap.vcxproj", "{79DC3EC1-FF11-357A-BB61-735E18303E08}"
	ProjectSection(ProjectDependencies) = postProject
		{8AC20D34-B8B4-342A-BF4A-433CF43ACC5D} = {8AC20D34-B8B4-342A-BF4A-433CF43ACC5D}
	EndProjectSection
EndProject
Project("{8BC9CEB8-8B4A-11D0-8D11-00A0C91BC942}") = "LoadQmlMap", "LoadQmlMap\LoadQmlMap.vcxproj", "{FA2470C4-6828-3F16-A9D2-87BE1725E7B1}"
EndProject
Global
	GlobalSection(SolutionConfigurationPlatforms) = preSolution
		Debug|Win32 = Debug|Win32
		Release|Win32 = Release|Win32
	EndGlobalSection
	GlobalSection(ProjectConfigurationPlatforms) = postSolution
		{D68CCE43-59BB-31F7-8329-2AE8ED5743AE}.Debug|Win32.ActiveCfg = Debug|Win32
		{D68CCE43-59BB-31F7-8329-2AE8ED5743AE}.Debug|Win32.Build.0 = Debug|Win32
		{D68CCE43-59BB-31F7-8329-2AE8ED5743AE}.Release|Win32.ActiveCfg = Release|Win32
		{D68CCE43-59BB-31F7-8329-2AE8ED5743AE}.Release|Win32.Build.0 = Release|Win32
		{8AC20D34-B8B4-342A-BF4A-433CF43ACC5D}.Debug|Win32.ActiveCfg = Debug|Win32
		{8AC20D34-B8B4-342A-BF4A-433CF43ACC5D}.Debug|Win32.Build.0 = Debug|Win32
		{8AC20D34-B8B4-342A-BF4A-433CF43ACC5D}.Release|Win32.ActiveCfg = Release|Win32
		{8AC20D34-B8B4-342A-BF4A-433CF43ACC5D}.Release|Win32.Build.0 = Release|Win32
		{CFBC5439-6B5B-3510-ABD5-7768BF61F9C4}.Debug|Win32.ActiveCfg = Debug|Win32
		{CFBC5439-6B5B-3510-ABD5-7768BF61F9C4}.Debug|Win32.Build.0 = Debug|Win32
		{CFBC5439-6B5B-3510-ABD5-7768BF61F9C4}.Release|Win32.ActiveCfg = Release|Win32
		{CFBC5439-6B5B-3510-ABD5-7768BF61F9C4}.Release|Win32.Build.0 = Release|Win32
		{1CA3647C-ABE2-3BF5-A73C-A4A5A1D1291E}.Debug|Win32.ActiveCfg = Debug|Win32
		{1CA3647C-ABE2-3BF5-A73C-A4A5A1D1291E}.Debug|Win32.Build.0 = Debug|Win32
		{1CA3647C-ABE2-3BF5-A73C-A4A5A1D1291E}.Release|Win32.ActiveCfg = Release|Win32
		{1CA3647C-ABE2-3BF5-A73C-A4A5A1D1291E}.Release|Win32.Build.0 = Release|Win32
		{CF68ED16-08E8-3CFE-B8FB-69F637E18BEA}.Debug|Win32.ActiveCfg = Debug|Win32
		{CF68ED16-08E8-3CFE-B8FB-69F637E18BEA}.Debug|Win32.Build.0 = Debug|Win32
		{CF68ED16-08E8-3CFE-B8FB-69F637E18BEA}.Release|Win32.ActiveCfg = Release|Win32
		{CF68ED16-08E8-3CFE-B8FB-69F637E18BEA}.Release|Win32.Build.0 = Release|Win32
		{8C3804FB-0283-332B-BE48-137C94A05660}.Debug|Win32.ActiveCfg = Debug|Win32
		{8C3804FB-0283-332B-BE48-137C94A05660}.Debug|Win32.Build.0 = Debug|Win32
		{8C3804FB-0283-332B-BE48-137C94A05660}.Release|Win32.ActiveCfg = Release|Win32
		{8C3804FB-0283-332B-BE48-137C94A05660}.Release|Win32.Build.0 = Release|Win32
		{79DC3EC1-FF11-357A-BB61-735E18303E08}.Debug|Win32.ActiveCfg = Debug|Win32
		{79DC3EC1-FF11-357A-BB61-735E18303E08}.Debug|Win32.Build.0 = Debug|Win32
		{79DC3EC1-FF11-357A-BB61-735E18303E08}.Release|Win32.ActiveCfg = Release|Win32
		{79DC3EC1-FF11-357A-BB61-735E18303E08}.Release|Win32.Build.0 = Release|Win32
		{FA2470C4-6828-3F16-A9D2-87BE1725E7B1}.Debug|Win32.ActiveCfg = Debug|Win32
		{FA2470C4-6828-3F16-A9D2-87BE1725E7B1}.Debug|Win32.Build.0 = Debug|Win32
		{FA2470C4-6828-3F16-A9D2-87BE1725E7B1}.Release|Win32.ActiveCfg = Release|Win32
		{FA2470C4-6828-3F16-A9D2-87BE1725E7B1}.Release|Win32.Build.0 = Release|Win32
	EndGlobalSection
	GlobalSection(SolutionProperties) = preSolution
		HideSolutionNode = FALSE
	EndGlobalSection
	GlobalSection(ExtensibilityGlobals) = postSolution
		Qt5Version = msvc2019
		SolutionGuid = {A1981D4F-60C9-47A9-B7F9-A62B2DE50184}
	EndGlobalSection
EndGlobal
